
Microsoft Visual Studio Solution File, Format Version 12.00
# Visual Studio 14
VisualStudioVersion = 14.0.25420.1
MinimumVisualStudioVersion = 10.0.40219.1
Project("{FAE04EC0-301F-11D3-BF4B-00C04F79EFBC}") = "ej01", "ej01\ej01.csproj", "{47B2BFDE-1B16-48AA-B3AD-3FB1886CDAC9}"
EndProject
Project("{FAE04EC0-301F-11D3-BF4B-00C04F79EFBC}") = "ej02", "ej02\ej02.csproj", "{BD5ED147-77FB-46CE-B628-3B0E1AC9DF98}"
EndProject
Global
	GlobalSection(SolutionConfigurationPlatforms) = preSolution
		Debug|Any CPU = Debug|Any CPU
		Release|Any CPU = Release|Any CPU
	EndGlobalSection
	GlobalSection(ProjectConfigurationPlatforms) = postSolution
		{BD5ED147-77FB-46CE-B628-3B0E1AC9DF98}.Debug|Any CPU.ActiveCfg = Debug|Any CPU
		{BD5ED147-77FB-46CE-B628-3B0E1AC9DF98}.Debug|Any CPU.Build.0 = Debug|Any CPU
		{BD5ED147-77FB-46CE-B628-3B0E1AC9DF98}.Release|Any CPU.ActiveCfg = Release|Any CPU
		{BD5ED147-77FB-46CE-B628-3B0E1AC9DF98}.Release|Any CPU.Build.0 = Release|Any CPU
		{47B2BFDE-1B16-48AA-B3AD-3FB1886CDAC9}.Debug|Any CPU.ActiveCfg = Debug|Any CPU
		{47B2BFDE-1B16-48AA-B3AD-3FB1886CDAC9}.Debug|Any CPU.Build.0 = Debug|Any CPU
		{47B2BFDE-1B16-48AA-B3AD-3FB1886CDAC9}.Release|Any CPU.ActiveCfg = Release|Any CPU
		{47B2BFDE-1B16-48AA-B3AD-3FB1886CDAC9}.Release|Any CPU.Build.0 = Release|Any CPU
	EndGlobalSection
	GlobalSection(SolutionProperties) = preSolution
		HideSolutionNode = FALSE
	EndGlobalSection
EndGlobal
