
Microsoft Visual Studio Solution File, Format Version 12.00
# Visual Studio 14
VisualStudioVersion = 14.0.25420.1
MinimumVisualStudioVersion = 10.0.40219.1
Project("{FAE04EC0-301F-11D3-BF4B-00C04F79EFBC}") = "ej01", "ej01\ej01.csproj", "{8D8B6AA9-342D-430D-BDC2-500C9DE33515}"
EndProject
Project("{FAE04EC0-301F-11D3-BF4B-00C04F79EFBC}") = "ej02", "ej02\ej02.csproj", "{CD0BF8A5-F3A8-4C95-9F43-0748421E9B11}"
EndProject
Project("{FAE04EC0-301F-11D3-BF4B-00C04F79EFBC}") = "MatematicaTest", "MatematicaTest\MatematicaTest.csproj", "{95E60F8E-2586-474C-BB18-CAA803C419AC}"
	ProjectSection(ProjectDependencies) = postProject
		{CD0BF8A5-F3A8-4C95-9F43-0748421E9B11} = {CD0BF8A5-F3A8-4C95-9F43-0748421E9B11}
	EndProjectSection
EndProject
Project("{FAE04EC0-301F-11D3-BF4B-00C04F79EFBC}") = "ej05", "ej05\ej05.csproj", "{2CAEB17D-5C67-434B-BCCC-EEF1D15025A3}"
EndProject
Project("{FAE04EC0-301F-11D3-BF4B-00C04F79EFBC}") = "ej03", "ej03\ej03.csproj", "{EFF0B223-9720-4994-BD5C-C9CE01CA8BD8}"
EndProject
Project("{FAE04EC0-301F-11D3-BF4B-00C04F79EFBC}") = "ej04", "ej04\ej04.csproj", "{5ABF1E6D-374D-4172-89A2-40781AD6D33E}"
EndProject
Project("{FAE04EC0-301F-11D3-BF4B-00C04F79EFBC}") = "ej07", "ej07\ej07.csproj", "{B2A46DDE-BFBC-47C3-979C-F6ADEC1A5C7C}"
EndProject
Project("{FAE04EC0-301F-11D3-BF4B-00C04F79EFBC}") = "ej07Tests", "ej07Tests\ej07Tests.csproj", "{DD091084-5061-4004-9B3C-770B4CCD58F5}"
EndProject
Project("{FAE04EC0-301F-11D3-BF4B-00C04F79EFBC}") = "ej05Tests", "ej05Tests\ej05Tests.csproj", "{E197F64B-BA71-4B9C-A1DD-407EB3234CF9}"
EndProject
Global
	GlobalSection(SolutionConfigurationPlatforms) = preSolution
		Debug|Any CPU = Debug|Any CPU
		Release|Any CPU = Release|Any CPU
	EndGlobalSection
	GlobalSection(ProjectConfigurationPlatforms) = postSolution
		{8D8B6AA9-342D-430D-BDC2-500C9DE33515}.Debug|Any CPU.ActiveCfg = Debug|Any CPU
		{8D8B6AA9-342D-430D-BDC2-500C9DE33515}.Debug|Any CPU.Build.0 = Debug|Any CPU
		{8D8B6AA9-342D-430D-BDC2-500C9DE33515}.Release|Any CPU.ActiveCfg = Release|Any CPU
		{8D8B6AA9-342D-430D-BDC2-500C9DE33515}.Release|Any CPU.Build.0 = Release|Any CPU
		{CD0BF8A5-F3A8-4C95-9F43-0748421E9B11}.Debug|Any CPU.ActiveCfg = Debug|Any CPU
		{CD0BF8A5-F3A8-4C95-9F43-0748421E9B11}.Debug|Any CPU.Build.0 = Debug|Any CPU
		{CD0BF8A5-F3A8-4C95-9F43-0748421E9B11}.Release|Any CPU.ActiveCfg = Release|Any CPU
		{CD0BF8A5-F3A8-4C95-9F43-0748421E9B11}.Release|Any CPU.Build.0 = Release|Any CPU
		{95E60F8E-2586-474C-BB18-CAA803C419AC}.Debug|Any CPU.ActiveCfg = Debug|Any CPU
		{95E60F8E-2586-474C-BB18-CAA803C419AC}.Debug|Any CPU.Build.0 = Debug|Any CPU
		{95E60F8E-2586-474C-BB18-CAA803C419AC}.Release|Any CPU.ActiveCfg = Release|Any CPU
		{95E60F8E-2586-474C-BB18-CAA803C419AC}.Release|Any CPU.Build.0 = Release|Any CPU
		{2CAEB17D-5C67-434B-BCCC-EEF1D15025A3}.Debug|Any CPU.ActiveCfg = Debug|Any CPU
		{2CAEB17D-5C67-434B-BCCC-EEF1D15025A3}.Debug|Any CPU.Build.0 = Debug|Any CPU
		{2CAEB17D-5C67-434B-BCCC-EEF1D15025A3}.Release|Any CPU.ActiveCfg = Release|Any CPU
		{2CAEB17D-5C67-434B-BCCC-EEF1D15025A3}.Release|Any CPU.Build.0 = Release|Any CPU
		{EFF0B223-9720-4994-BD5C-C9CE01CA8BD8}.Debug|Any CPU.ActiveCfg = Debug|Any CPU
		{EFF0B223-9720-4994-BD5C-C9CE01CA8BD8}.Debug|Any CPU.Build.0 = Debug|Any CPU
		{EFF0B223-9720-4994-BD5C-C9CE01CA8BD8}.Release|Any CPU.ActiveCfg = Release|Any CPU
		{EFF0B223-9720-4994-BD5C-C9CE01CA8BD8}.Release|Any CPU.Build.0 = Release|Any CPU
		{5ABF1E6D-374D-4172-89A2-40781AD6D33E}.Debug|Any CPU.ActiveCfg = Debug|Any CPU
		{5ABF1E6D-374D-4172-89A2-40781AD6D33E}.Debug|Any CPU.Build.0 = Debug|Any CPU
		{5ABF1E6D-374D-4172-89A2-40781AD6D33E}.Release|Any CPU.ActiveCfg = Release|Any CPU
		{5ABF1E6D-374D-4172-89A2-40781AD6D33E}.Release|Any CPU.Build.0 = Release|Any CPU
		{B2A46DDE-BFBC-47C3-979C-F6ADEC1A5C7C}.Debug|Any CPU.ActiveCfg = Debug|Any CPU
		{B2A46DDE-BFBC-47C3-979C-F6ADEC1A5C7C}.Debug|Any CPU.Build.0 = Debug|Any CPU
		{B2A46DDE-BFBC-47C3-979C-F6ADEC1A5C7C}.Release|Any CPU.ActiveCfg = Release|Any CPU
		{B2A46DDE-BFBC-47C3-979C-F6ADEC1A5C7C}.Release|Any CPU.Build.0 = Release|Any CPU
		{DD091084-5061-4004-9B3C-770B4CCD58F5}.Debug|Any CPU.ActiveCfg = Debug|Any CPU
		{DD091084-5061-4004-9B3C-770B4CCD58F5}.Debug|Any CPU.Build.0 = Debug|Any CPU
		{DD091084-5061-4004-9B3C-770B4CCD58F5}.Release|Any CPU.ActiveCfg = Release|Any CPU
		{DD091084-5061-4004-9B3C-770B4CCD58F5}.Release|Any CPU.Build.0 = Release|Any CPU
		{E197F64B-BA71-4B9C-A1DD-407EB3234CF9}.Debug|Any CPU.ActiveCfg = Debug|Any CPU
		{E197F64B-BA71-4B9C-A1DD-407EB3234CF9}.Debug|Any CPU.Build.0 = Debug|Any CPU
		{E197F64B-BA71-4B9C-A1DD-407EB3234CF9}.Release|Any CPU.ActiveCfg = Release|Any CPU
		{E197F64B-BA71-4B9C-A1DD-407EB3234CF9}.Release|Any CPU.Build.0 = Release|Any CPU
	EndGlobalSection
	GlobalSection(SolutionProperties) = preSolution
		HideSolutionNode = FALSE
	EndGlobalSection
EndGlobal
