
Microsoft Visual Studio Solution File, Format Version 12.00
# Visual Studio 14
VisualStudioVersion = 14.0.25420.1
MinimumVisualStudioVersion = 10.0.40219.1
Project("{FAE04EC0-301F-11D3-BF4B-00C04F79EFBC}") = "ej01", "ej01\ej01.csproj", "{158F1434-C51F-4BCF-A0BE-36607E40231D}"
EndProject
Project("{FAE04EC0-301F-11D3-BF4B-00C04F79EFBC}") = "ej02", "ej02\ej02.csproj", "{4BC57FDC-ADCB-4671-9E42-12755585019F}"
EndProject
Project("{FAE04EC0-301F-11D3-BF4B-00C04F79EFBC}") = "ej03", "ej03\ej03.csproj", "{1DDC801D-63F7-4C2F-9E4A-423E27BC85E9}"
EndProject
Project("{FAE04EC0-301F-11D3-BF4B-00C04F79EFBC}") = "ej04", "ej04\ej04.csproj", "{2590F61B-4065-413F-A6D6-EB3D278C1D7A}"
EndProject
Project("{FAE04EC0-301F-11D3-BF4B-00C04F79EFBC}") = "ej05", "ej05\ej05.csproj", "{D8B97554-080C-47DC-B40A-6C3A895A2510}"
EndProject
Project("{FAE04EC0-301F-11D3-BF4B-00C04F79EFBC}") = "ej06", "ej06\ej06.csproj", "{F9C52EF2-8D70-421B-A018-F0150DFD9E8D}"
EndProject
Project("{FAE04EC0-301F-11D3-BF4B-00C04F79EFBC}") = "ej07", "ej07\ej07.csproj", "{1C93CBA7-05A6-4EA2-9F8D-E21893D520B2}"
EndProject
Project("{FAE04EC0-301F-11D3-BF4B-00C04F79EFBC}") = "ej08", "ej08\ej08.csproj", "{DF5C3DC6-4F51-4C08-BA3D-AA5E93848536}"
EndProject
Project("{FAE04EC0-301F-11D3-BF4B-00C04F79EFBC}") = "ej09", "ej09\ej09.csproj", "{75A59CB6-6F23-4470-A87A-7B43AEEFCF1B}"
EndProject
Project("{FAE04EC0-301F-11D3-BF4B-00C04F79EFBC}") = "ej10", "ej10\ej10.csproj", "{47857584-0594-417D-8B9A-A713789DDA33}"
EndProject
Project("{FAE04EC0-301F-11D3-BF4B-00C04F79EFBC}") = "ej11", "ej11\ej11.csproj", "{0C5EF36E-859E-49C7-9067-4FE638D47ECB}"
EndProject
Project("{FAE04EC0-301F-11D3-BF4B-00C04F79EFBC}") = "ej12", "ej12\ej12.csproj", "{594EFD76-8BD6-463C-BF10-BBCDB04F45FB}"
EndProject
Project("{FAE04EC0-301F-11D3-BF4B-00C04F79EFBC}") = "ej13", "ej13\ej13.csproj", "{7BDF7691-E663-47E9-B27A-92F0267B50B8}"
EndProject
Project("{FAE04EC0-301F-11D3-BF4B-00C04F79EFBC}") = "ej14", "ej14\ej14.csproj", "{356DAA32-9030-4C06-B85B-D92C5DEB2BBF}"
EndProject
Project("{FAE04EC0-301F-11D3-BF4B-00C04F79EFBC}") = "ej15", "ej15\ej15.csproj", "{96A4A9F3-0902-4216-9D3C-CDC01309C19F}"
EndProject
Project("{FAE04EC0-301F-11D3-BF4B-00C04F79EFBC}") = "ej16", "ej16\ej16.csproj", "{EFA3D11D-3D8C-44A9-9910-7CC5F3A50802}"
EndProject
Global
	GlobalSection(SolutionConfigurationPlatforms) = preSolution
		Debug|Any CPU = Debug|Any CPU
		Release|Any CPU = Release|Any CPU
	EndGlobalSection
	GlobalSection(ProjectConfigurationPlatforms) = postSolution
		{158F1434-C51F-4BCF-A0BE-36607E40231D}.Debug|Any CPU.ActiveCfg = Debug|Any CPU
		{158F1434-C51F-4BCF-A0BE-36607E40231D}.Debug|Any CPU.Build.0 = Debug|Any CPU
		{158F1434-C51F-4BCF-A0BE-36607E40231D}.Release|Any CPU.ActiveCfg = Release|Any CPU
		{158F1434-C51F-4BCF-A0BE-36607E40231D}.Release|Any CPU.Build.0 = Release|Any CPU
		{4BC57FDC-ADCB-4671-9E42-12755585019F}.Debug|Any CPU.ActiveCfg = Debug|Any CPU
		{4BC57FDC-ADCB-4671-9E42-12755585019F}.Debug|Any CPU.Build.0 = Debug|Any CPU
		{4BC57FDC-ADCB-4671-9E42-12755585019F}.Release|Any CPU.ActiveCfg = Release|Any CPU
		{4BC57FDC-ADCB-4671-9E42-12755585019F}.Release|Any CPU.Build.0 = Release|Any CPU
		{1DDC801D-63F7-4C2F-9E4A-423E27BC85E9}.Debug|Any CPU.ActiveCfg = Debug|Any CPU
		{1DDC801D-63F7-4C2F-9E4A-423E27BC85E9}.Debug|Any CPU.Build.0 = Debug|Any CPU
		{1DDC801D-63F7-4C2F-9E4A-423E27BC85E9}.Release|Any CPU.ActiveCfg = Release|Any CPU
		{1DDC801D-63F7-4C2F-9E4A-423E27BC85E9}.Release|Any CPU.Build.0 = Release|Any CPU
		{2590F61B-4065-413F-A6D6-EB3D278C1D7A}.Debug|Any CPU.ActiveCfg = Debug|Any CPU
		{2590F61B-4065-413F-A6D6-EB3D278C1D7A}.Debug|Any CPU.Build.0 = Debug|Any CPU
		{2590F61B-4065-413F-A6D6-EB3D278C1D7A}.Release|Any CPU.ActiveCfg = Release|Any CPU
		{2590F61B-4065-413F-A6D6-EB3D278C1D7A}.Release|Any CPU.Build.0 = Release|Any CPU
		{D8B97554-080C-47DC-B40A-6C3A895A2510}.Debug|Any CPU.ActiveCfg = Debug|Any CPU
		{D8B97554-080C-47DC-B40A-6C3A895A2510}.Debug|Any CPU.Build.0 = Debug|Any CPU
		{D8B97554-080C-47DC-B40A-6C3A895A2510}.Release|Any CPU.ActiveCfg = Release|Any CPU
		{D8B97554-080C-47DC-B40A-6C3A895A2510}.Release|Any CPU.Build.0 = Release|Any CPU
		{F9C52EF2-8D70-421B-A018-F0150DFD9E8D}.Debug|Any CPU.ActiveCfg = Debug|Any CPU
		{F9C52EF2-8D70-421B-A018-F0150DFD9E8D}.Debug|Any CPU.Build.0 = Debug|Any CPU
		{F9C52EF2-8D70-421B-A018-F0150DFD9E8D}.Release|Any CPU.ActiveCfg = Release|Any CPU
		{F9C52EF2-8D70-421B-A018-F0150DFD9E8D}.Release|Any CPU.Build.0 = Release|Any CPU
		{1C93CBA7-05A6-4EA2-9F8D-E21893D520B2}.Debug|Any CPU.ActiveCfg = Debug|Any CPU
		{1C93CBA7-05A6-4EA2-9F8D-E21893D520B2}.Debug|Any CPU.Build.0 = Debug|Any CPU
		{1C93CBA7-05A6-4EA2-9F8D-E21893D520B2}.Release|Any CPU.ActiveCfg = Release|Any CPU
		{1C93CBA7-05A6-4EA2-9F8D-E21893D520B2}.Release|Any CPU.Build.0 = Release|Any CPU
		{75A59CB6-6F23-4470-A87A-7B43AEEFCF1B}.Debug|Any CPU.ActiveCfg = Debug|Any CPU
		{75A59CB6-6F23-4470-A87A-7B43AEEFCF1B}.Debug|Any CPU.Build.0 = Debug|Any CPU
		{75A59CB6-6F23-4470-A87A-7B43AEEFCF1B}.Release|Any CPU.ActiveCfg = Release|Any CPU
		{75A59CB6-6F23-4470-A87A-7B43AEEFCF1B}.Release|Any CPU.Build.0 = Release|Any CPU
		{47857584-0594-417D-8B9A-A713789DDA33}.Debug|Any CPU.ActiveCfg = Debug|Any CPU
		{47857584-0594-417D-8B9A-A713789DDA33}.Debug|Any CPU.Build.0 = Debug|Any CPU
		{47857584-0594-417D-8B9A-A713789DDA33}.Release|Any CPU.ActiveCfg = Release|Any CPU
		{47857584-0594-417D-8B9A-A713789DDA33}.Release|Any CPU.Build.0 = Release|Any CPU
		{0C5EF36E-859E-49C7-9067-4FE638D47ECB}.Debug|Any CPU.ActiveCfg = Debug|Any CPU
		{0C5EF36E-859E-49C7-9067-4FE638D47ECB}.Debug|Any CPU.Build.0 = Debug|Any CPU
		{0C5EF36E-859E-49C7-9067-4FE638D47ECB}.Release|Any CPU.ActiveCfg = Release|Any CPU
		{0C5EF36E-859E-49C7-9067-4FE638D47ECB}.Release|Any CPU.Build.0 = Release|Any CPU
		{594EFD76-8BD6-463C-BF10-BBCDB04F45FB}.Debug|Any CPU.ActiveCfg = Debug|Any CPU
		{594EFD76-8BD6-463C-BF10-BBCDB04F45FB}.Debug|Any CPU.Build.0 = Debug|Any CPU
		{594EFD76-8BD6-463C-BF10-BBCDB04F45FB}.Release|Any CPU.ActiveCfg = Release|Any CPU
		{594EFD76-8BD6-463C-BF10-BBCDB04F45FB}.Release|Any CPU.Build.0 = Release|Any CPU
		{7BDF7691-E663-47E9-B27A-92F0267B50B8}.Debug|Any CPU.ActiveCfg = Debug|Any CPU
		{7BDF7691-E663-47E9-B27A-92F0267B50B8}.Debug|Any CPU.Build.0 = Debug|Any CPU
		{7BDF7691-E663-47E9-B27A-92F0267B50B8}.Release|Any CPU.ActiveCfg = Release|Any CPU
		{7BDF7691-E663-47E9-B27A-92F0267B50B8}.Release|Any CPU.Build.0 = Release|Any CPU
		{356DAA32-9030-4C06-B85B-D92C5DEB2BBF}.Debug|Any CPU.ActiveCfg = Debug|Any CPU
		{356DAA32-9030-4C06-B85B-D92C5DEB2BBF}.Debug|Any CPU.Build.0 = Debug|Any CPU
		{356DAA32-9030-4C06-B85B-D92C5DEB2BBF}.Release|Any CPU.ActiveCfg = Release|Any CPU
		{356DAA32-9030-4C06-B85B-D92C5DEB2BBF}.Release|Any CPU.Build.0 = Release|Any CPU
		{96A4A9F3-0902-4216-9D3C-CDC01309C19F}.Debug|Any CPU.ActiveCfg = Debug|Any CPU
		{96A4A9F3-0902-4216-9D3C-CDC01309C19F}.Debug|Any CPU.Build.0 = Debug|Any CPU
		{96A4A9F3-0902-4216-9D3C-CDC01309C19F}.Release|Any CPU.ActiveCfg = Release|Any CPU
		{96A4A9F3-0902-4216-9D3C-CDC01309C19F}.Release|Any CPU.Build.0 = Release|Any CPU
		{EFA3D11D-3D8C-44A9-9910-7CC5F3A50802}.Debug|Any CPU.ActiveCfg = Debug|Any CPU
		{EFA3D11D-3D8C-44A9-9910-7CC5F3A50802}.Debug|Any CPU.Build.0 = Debug|Any CPU
		{EFA3D11D-3D8C-44A9-9910-7CC5F3A50802}.Release|Any CPU.ActiveCfg = Release|Any CPU
		{EFA3D11D-3D8C-44A9-9910-7CC5F3A50802}.Release|Any CPU.Build.0 = Release|Any CPU
		{DF5C3DC6-4F51-4C08-BA3D-AA5E93848536}.Debug|Any CPU.ActiveCfg = Debug|Any CPU
		{DF5C3DC6-4F51-4C08-BA3D-AA5E93848536}.Debug|Any CPU.Build.0 = Debug|Any CPU
		{DF5C3DC6-4F51-4C08-BA3D-AA5E93848536}.Release|Any CPU.ActiveCfg = Release|Any CPU
		{DF5C3DC6-4F51-4C08-BA3D-AA5E93848536}.Release|Any CPU.Build.0 = Release|Any CPU
	EndGlobalSection
	GlobalSection(SolutionProperties) = preSolution
		HideSolutionNode = FALSE
	EndGlobalSection
EndGlobal
